// !$*UTF8*$!
{
	archiveVersion = 1;
	classes = {
	};
	objectVersion = 46;
	objects = {

/* Begin PBXBuildFile section */
		38A853CF3E12F653B3580DFD /* Pods_FYP.framework in Frameworks */ = {isa = PBXBuildFile; fileRef = A688C52E24BB2C1E7451A7D8 /* Pods_FYP.framework */; };
		98CF7B671E23719F00B35553 /* AppDelegate.swift in Sources */ = {isa = PBXBuildFile; fileRef = 98CF7B661E23719F00B35553 /* AppDelegate.swift */; };
		98CF7B691E23719F00B35553 /* ViewController.swift in Sources */ = {isa = PBXBuildFile; fileRef = 98CF7B681E23719F00B35553 /* ViewController.swift */; };
		98CF7B6C1E23719F00B35553 /* Main.storyboard in Resources */ = {isa = PBXBuildFile; fileRef = 98CF7B6A1E23719F00B35553 /* Main.storyboard */; };
		98CF7B6E1E23719F00B35553 /* Assets.xcassets in Resources */ = {isa = PBXBuildFile; fileRef = 98CF7B6D1E23719F00B35553 /* Assets.xcassets */; };
		98CF7B711E23719F00B35553 /* LaunchScreen.storyboard in Resources */ = {isa = PBXBuildFile; fileRef = 98CF7B6F1E23719F00B35553 /* LaunchScreen.storyboard */; };
/* End PBXBuildFile section */

/* Begin PBXFileReference section */
		55B67097AACE2079F5825738 /* Pods-FYP.debug.xcconfig */ = {isa = PBXFileReference; includeInIndex = 1; lastKnownFileType = text.xcconfig; name = "Pods-FYP.debug.xcconfig"; path = "Pods/Target Support Files/Pods-FYP/Pods-FYP.debug.xcconfig"; sourceTree = "<group>"; };
		98CF7B631E23719F00B35553 /* FYP.app */ = {isa = PBXFileReference; explicitFileType = wrapper.application; includeInIndex = 0; path = FYP.app; sourceTree = BUILT_PRODUCTS_DIR; };
		98CF7B661E23719F00B35553 /* AppDelegate.swift */ = {isa = PBXFileReference; lastKnownFileType = sourcecode.swift; path = AppDelegate.swift; sourceTree = "<group>"; };
		98CF7B681E23719F00B35553 /* ViewController.swift */ = {isa = PBXFileReference; lastKnownFileType = sourcecode.swift; path = ViewController.swift; sourceTree = "<group>"; };
		98CF7B6B1E23719F00B35553 /* Base */ = {isa = PBXFileReference; lastKnownFileType = file.storyboard; name = Base; path = Base.lproj/Main.storyboard; sourceTree = "<group>"; };
		98CF7B6D1E23719F00B35553 /* Assets.xcassets */ = {isa = PBXFileReference; lastKnownFileType = folder.assetcatalog; path = Assets.xcassets; sourceTree = "<group>"; };
		98CF7B701E23719F00B35553 /* Base */ = {isa = PBXFileReference; lastKnownFileType = file.storyboard; name = Base; path = Base.lproj/LaunchScreen.storyboard; sourceTree = "<group>"; };
		98CF7B721E23719F00B35553 /* Info.plist */ = {isa = PBXFileReference; lastKnownFileType = text.plist.xml; path = Info.plist; sourceTree = "<group>"; };
		A688C52E24BB2C1E7451A7D8 /* Pods_FYP.framework */ = {isa = PBXFileReference; explicitFileType = wrapper.framework; includeInIndex = 0; path = Pods_FYP.framework; sourceTree = BUILT_PRODUCTS_DIR; };
		BAB4B71ABF290996F1AEC66D /* Pods-FYP.release.xcconfig */ = {isa = PBXFileReference; includeInIndex = 1; lastKnownFileType = text.xcconfig; name = "Pods-FYP.release.xcconfig"; path = "Pods/Target Support Files/Pods-FYP/Pods-FYP.release.xcconfig"; sourceTree = "<group>"; };
/* End PBXFileReference section */

/* Begin PBXFrameworksBuildPhase section */
		98CF7B601E23719F00B35553 /* Frameworks */ = {
			isa = PBXFrameworksBuildPhase;
			buildActionMask = 2147483647;
			files = (
				38A853CF3E12F653B3580DFD /* Pods_FYP.framework in Frameworks */,
			);
			runOnlyForDeploymentPostprocessing = 0;
		};
/* End PBXFrameworksBuildPhase section */

/* Begin PBXGroup section */
		4A75BDD718821A3941D081EE /* Pods */ = {
			isa = PBXGroup;
			children = (
				55B67097AACE2079F5825738 /* Pods-FYP.debug.xcconfig */,
				BAB4B71ABF290996F1AEC66D /* Pods-FYP.release.xcconfig */,
			);
			name = Pods;
			sourceTree = "<group>";
		};
		5D4F2CA521C0559398BF9D66 /* Frameworks */ = {
			isa = PBXGroup;
			children = (
				A688C52E24BB2C1E7451A7D8 /* Pods_FYP.framework */,
			);
			name = Frameworks;
			sourceTree = "<group>";
		};
		98CF7B5A1E23719F00B35553 = {
			isa = PBXGroup;
			children = (
				98CF7B651E23719F00B35553 /* FYP */,
				98CF7B641E23719F00B35553 /* Products */,
				4A75BDD718821A3941D081EE /* Pods */,
				5D4F2CA521C0559398BF9D66 /* Frameworks */,
			);
			sourceTree = "<group>";
		};
		98CF7B641E23719F00B35553 /* Products */ = {
			isa = PBXGroup;
			children = (
				98CF7B631E23719F00B35553 /* FYP.app */,
			);
			name = Products;
			sourceTree = "<group>";
		};
		98CF7B651E23719F00B35553 /* FYP */ = {
			isa = PBXGroup;
			children = (
				98CF7B661E23719F00B35553 /* AppDelegate.swift */,
				98CF7B681E23719F00B35553 /* ViewController.swift */,
				98CF7B6A1E23719F00B35553 /* Main.storyboard */,
				98CF7B6D1E23719F00B35553 /* Assets.xcassets */,
				98CF7B6F1E23719F00B35553 /* LaunchScreen.storyboard */,
				98CF7B721E23719F00B35553 /* Info.plist */,
			);
			path = FYP;
			sourceTree = "<group>";
		};
/* End PBXGroup section */

/* Begin PBXNativeTarget section */
		98CF7B621E23719F00B35553 /* FYP */ = {
			isa = PBXNativeTarget;
			buildConfigurationList = 98CF7B751E23719F00B35553 /* Build configuration list for PBXNativeTarget "FYP" */;
			buildPhases = (
				02DF893E2EC6B066A0F9080D /* [CP] Check Pods Manifest.lock */,
				98CF7B5F1E23719F00B35553 /* Sources */,
				98CF7B601E23719F00B35553 /* Frameworks */,
				98CF7B611E23719F00B35553 /* Resources */,
				164E0A48019421C975C9F2C2 /* [CP] Embed Pods Frameworks */,
				4355C14A85C92DCA5245A658 /* [CP] Copy Pods Resources */,
			);
			buildRules = (
			);
			dependencies = (
			);
			name = FYP;
			productName = FYP;
			productReference = 98CF7B631E23719F00B35553 /* FYP.app */;
			productType = "com.apple.product-type.application";
		};
/* End PBXNativeTarget section */

/* Begin PBXProject section */
		98CF7B5B1E23719F00B35553 /* Project object */ = {
			isa = PBXProject;
			attributes = {
				LastSwiftUpdateCheck = 0820;
				LastUpgradeCheck = 0820;
				ORGANIZATIONNAME = "Jason, HU";
				TargetAttributes = {
					98CF7B621E23719F00B35553 = {
						CreatedOnToolsVersion = 8.2.1;
						DevelopmentTeam = STU47H262Z;
						ProvisioningStyle = Automatic;
					};
				};
			};
			buildConfigurationList = 98CF7B5E1E23719F00B35553 /* Build configuration list for PBXProject "FYP" */;
			compatibilityVersion = "Xcode 3.2";
			developmentRegion = English;
			hasScannedForEncodings = 0;
			knownRegions = (
				en,
				Base,
			);
			mainGroup = 98CF7B5A1E23719F00B35553;
			productRefGroup = 98CF7B641E23719F00B35553 /* Products */;
			projectDirPath = "";
			projectRoot = "";
			targets = (
				98CF7B621E23719F00B35553 /* FYP */,
			);
		};
/* End PBXProject section */

/* Begin PBXResourcesBuildPhase section */
		98CF7B611E23719F00B35553 /* Resources */ = {
			isa = PBXResourcesBuildPhase;
			buildActionMask = 2147483647;
			files = (
				98CF7B711E23719F00B35553 /* LaunchScreen.storyboard in Resources */,
				98CF7B6E1E23719F00B35553 /* Assets.xcassets in Resources */,
				98CF7B6C1E23719F00B35553 /* Main.storyboard in Resources */,
			);
			runOnlyForDeploymentPostprocessing = 0;
		};
/* End PBXResourcesBuildPhase section */

/* Begin PBXShellScriptBuildPhase section */
		02DF893E2EC6B066A0F9080D /* [CP] Check Pods Manifest.lock */ = {
			isa = PBXShellScriptBuildPhase;
			buildActionMask = 2147483647;
			files = (
			);
			inputPaths = (
			);
			name = "[CP] Check Pods Manifest.lock";
			outputPaths = (
			);
			runOnlyForDeploymentPostprocessing = 0;
			shellPath = /bin/sh;
			shellScript = "diff \"${PODS_ROOT}/../Podfile.lock\" \"${PODS_ROOT}/Manifest.lock\" > /dev/null\nif [ $? != 0 ] ; then\n    # print error to STDERR\n    echo \"error: The sandbox is not in sync with the Podfile.lock. Run 'pod install' or update your CocoaPods installation.\" >&2\n    exit 1\nfi\n";
			showEnvVarsInLog = 0;
		};
		164E0A48019421C975C9F2C2 /* [CP] Embed Pods Frameworks */ = {
			isa = PBXShellScriptBuildPhase;
			buildActionMask = 2147483647;
			files = (
			);
			inputPaths = (
			);
			name = "[CP] Embed Pods Frameworks";
			outputPaths = (
			);
			runOnlyForDeploymentPostprocessing = 0;
			shellPath = /bin/sh;
			shellScript = "\"${SRCROOT}/Pods/Target Support Files/Pods-FYP/Pods-FYP-frameworks.sh\"\n";
			showEnvVarsInLog = 0;
		};
		4355C14A85C92DCA5245A658 /* [CP] Copy Pods Resources */ = {
			isa = PBXShellScriptBuildPhase;
			buildActionMask = 2147483647;
			files = (
			);
			inputPaths = (
			);
			name = "[CP] Copy Pods Resources";
			outputPaths = (
			);
			runOnlyForDeploymentPostprocessing = 0;
			shellPath = /bin/sh;
			shellScript = "\"${SRCROOT}/Pods/Target Support Files/Pods-FYP/Pods-FYP-resources.sh\"\n";
			showEnvVarsInLog = 0;
		};
/* End PBXShellScriptBuildPhase section */

/* Begin PBXSourcesBuildPhase section */
		98CF7B5F1E23719F00B35553 /* Sources */ = {
			isa = PBXSourcesBuildPhase;
			buildActionMask = 2147483647;
			files = (
				98CF7B691E23719F00B35553 /* ViewController.swift in Sources */,
				98CF7B671E23719F00B35553 /* AppDelegate.swift in Sources */,
			);
			runOnlyForDeploymentPostprocessing = 0;
		};
/* End PBXSourcesBuildPhase section */

/* Begin PBXVariantGroup section */
		98CF7B6A1E23719F00B35553 /* Main.storyboard */ = {
			isa = PBXVariantGroup;
			children = (
				98CF7B6B1E23719F00B35553 /* Base */,
			);
			name = Main.storyboard;
			sourceTree = "<group>";
		};
		98CF7B6F1E23719F00B35553 /* LaunchScreen.storyboard */ = {
			isa = PBXVariantGroup;
			children = (
				98CF7B701E23719F00B35553 /* Base */,
			);
			name = LaunchScreen.storyboard;
			sourceTree = "<group>";
		};
/* End PBXVariantGroup section */

/* Begin XCBuildConfiguration section */
		98CF7B731E23719F00B35553 /* Debug */ = {
			isa = XCBuildConfiguration;
			buildSettings = {
				ALWAYS_SEARCH_USER_PATHS = NO;
				CLANG_ANALYZER_NONNULL = YES;
				CLANG_CXX_LANGUAGE_STANDARD = "gnu++0x";
				CLANG_CXX_LIBRARY = "libc++";
				CLANG_ENABLE_MODULES = YES;
				CLANG_ENABLE_OBJC_ARC = YES;
				CLANG_WARN_BOOL_CONVERSION = YES;
				CLANG_WARN_CONSTANT_CONVERSION = YES;
				CLANG_WARN_DIRECT_OBJC_ISA_USAGE = YES_ERROR;
				CLANG_WARN_DOCUMENTATION_COMMENTS = YES;
				CLANG_WARN_EMPTY_BODY = YES;
				CLANG_WARN_ENUM_CONVERSION = YES;
				CLANG_WARN_INFINITE_RECURSION = YES;
				CLANG_WARN_INT_CONVERSION = YES;
				CLANG_WARN_OBJC_ROOT_CLASS = YES_ERROR;
				CLANG_WARN_SUSPICIOUS_MOVE = YES;
				CLANG_WARN_UNREACHABLE_CODE = YES;
				CLANG_WARN__DUPLICATE_METHOD_MATCH = YES;
				"CODE_SIGN_IDENTITY[sdk=iphoneos*]" = "iPhone Developer";
				COPY_PHASE_STRIP = NO;
				DEBUG_INFORMATION_FORMAT = dwarf;
				ENABLE_STRICT_OBJC_MSGSEND = YES;
				ENABLE_TESTABILITY = YES;
				GCC_C_LANGUAGE_STANDARD = gnu99;
				GCC_DYNAMIC_NO_PIC = NO;
				GCC_NO_COMMON_BLOCKS = YES;
				GCC_OPTIMIZATION_LEVEL = 0;
				GCC_PREPROCESSOR_DEFINITIONS = (
					"DEBUG=1",
					"$(inherited)",
				);
				GCC_WARN_64_TO_32_BIT_CONVERSION = YES;
				GCC_WARN_ABOUT_RETURN_TYPE = YES_ERROR;
				GCC_WARN_UNDECLARED_SELECTOR = YES;
				GCC_WARN_UNINITIALIZED_AUTOS = YES_AGGRESSIVE;
				GCC_WARN_UNUSED_FUNCTION = YES;
				GCC_WARN_UNUSED_VARIABLE = YES;
				IPHONEOS_DEPLOYMENT_TARGET = 10.2;
				MTL_ENABLE_DEBUG_INFO = YES;
				ONLY_ACTIVE_ARCH = YES;
				SDKROOT = iphoneos;
				SWIFT_ACTIVE_COMPILATION_CONDITIONS = DEBUG;
				SWIFT_OPTIMIZATION_LEVEL = "-Onone";
			};
			name = Debug;
		};
		98CF7B741E23719F00B35553 /* Release */ = {
			isa = XCBuildConfiguration;
			buildSettings = {
				ALWAYS_SEARCH_USER_PATHS = NO;
				CLANG_ANALYZER_NONNULL = YES;
				CLANG_CXX_LANGUAGE_STANDARD = "gnu++0x";
				CLANG_CXX_LIBRARY = "libc++";
				CLANG_ENABLE_MODULES = YES;
				CLANG_ENABLE_OBJC_ARC = YES;
				CLANG_WARN_BOOL_CONVERSION = YES;
				CLANG_WARN_CONSTANT_CONVERSION = YES;
				CLANG_WARN_DIRECT_OBJC_ISA_USAGE = YES_ERROR;
				CLANG_WARN_DOCUMENTATION_COMMENTS = YES;
				CLANG_WARN_EMPTY_BODY = YES;
				CLANG_WARN_ENUM_CONVERSION = YES;
				CLANG_WARN_INFINITE_RECURSION = YES;
				CLANG_WARN_INT_CONVERSION = YES;
				CLANG_WARN_OBJC_ROOT_CLASS = YES_ERROR;
				CLANG_WARN_SUSPICIOUS_MOVE = YES;
				CLANG_WARN_UNREACHABLE_CODE = YES;
				CLANG_WARN__DUPLICATE_METHOD_MATCH = YES;
				"CODE_SIGN_IDENTITY[sdk=iphoneos*]" = "iPhone Developer";
				COPY_PHASE_STRIP = NO;
				DEBUG_INFORMATION_FORMAT = "dwarf-with-dsym";
				ENABLE_NS_ASSERTIONS = NO;
				ENABLE_STRICT_OBJC_MSGSEND = YES;
				GCC_C_LANGUAGE_STANDARD = gnu99;
				GCC_NO_COMMON_BLOCKS = YES;
				GCC_WARN_64_TO_32_BIT_CONVERSION = YES;
				GCC_WARN_ABOUT_RETURN_TYPE = YES_ERROR;
				GCC_WARN_UNDECLARED_SELECTOR = YES;
				GCC_WARN_UNINITIALIZED_AUTOS = YES_AGGRESSIVE;
				GCC_WARN_UNUSED_FUNCTION = YES;
				GCC_WARN_UNUSED_VARIABLE = YES;
				IPHONEOS_DEPLOYMENT_TARGET = 10.2;
				MTL_ENABLE_DEBUG_INFO = NO;
				SDKROOT = iphoneos;
				SWIFT_OPTIMIZATION_LEVEL = "-Owholemodule";
				VALIDATE_PRODUCT = YES;
			};
			name = Release;
		};
		98CF7B761E23719F00B35553 /* Debug */ = {
			isa = XCBuildConfiguration;
			baseConfigurationReference = 55B67097AACE2079F5825738 /* Pods-FYP.debug.xcconfig */;
			buildSettings = {
				ALWAYS_EMBED_SWIFT_STANDARD_LIBRARIES = YES;
				ASSETCATALOG_COMPILER_APPICON_NAME = AppIcon;
				DEVELOPMENT_TEAM = STU47H262Z;
				INFOPLIST_FILE = FYP/Info.plist;
				LD_RUNPATH_SEARCH_PATHS = "$(inherited) @executable_path/Frameworks";
				PRODUCT_BUNDLE_IDENTIFIER = jsnh.FYP;
				PRODUCT_NAME = "$(TARGET_NAME)";
				SWIFT_VERSION = 3.0;
			};
			name = Debug;
		};
		98CF7B771E23719F00B35553 /* Release */ = {
			isa = XCBuildConfiguration;
			baseConfigurationReference = BAB4B71ABF290996F1AEC66D /* Pods-FYP.release.xcconfig */;
			buildSettings = {
				ALWAYS_EMBED_SWIFT_STANDARD_LIBRARIES = YES;
				ASSETCATALOG_COMPILER_APPICON_NAME = AppIcon;
				DEVELOPMENT_TEAM = STU47H262Z;
				INFOPLIST_FILE = FYP/Info.plist;
				LD_RUNPATH_SEARCH_PATHS = "$(inherited) @executable_path/Frameworks";
				PRODUCT_BUNDLE_IDENTIFIER = jsnh.FYP;
				PRODUCT_NAME = "$(TARGET_NAME)";
				SWIFT_VERSION = 3.0;
			};
			name = Release;
		};
/* End XCBuildConfiguration section */

/* Begin XCConfigurationList section */
		98CF7B5E1E23719F00B35553 /* Build configuration list for PBXProject "FYP" */ = {
			isa = XCConfigurationList;
			buildConfigurations = (
				98CF7B731E23719F00B35553 /* Debug */,
				98CF7B741E23719F00B35553 /* Release */,
			);
			defaultConfigurationIsVisible = 0;
			defaultConfigurationName = Release;
		};
		98CF7B751E23719F00B35553 /* Build configuration list for PBXNativeTarget "FYP" */ = {
			isa = XCConfigurationList;
			buildConfigurations = (
				98CF7B761E23719F00B35553 /* Debug */,
				98CF7B771E23719F00B35553 /* Release */,
			);
			defaultConfigurationIsVisible = 0;
			defaultConfigurationName = Release;
		};
/* End XCConfigurationList section */
	};
	rootObject = 98CF7B5B1E23719F00B35553 /* Project object */;
}
